{
  "name": "atlassian-marketplace",
  "version": "1.0.0",
  "lockfileVersion": 1,
  "requires": true,
  "dependencies": {
    "@types/google-apps-script": {
      "version": "0.0.28",
      "resolved": "https://registry.npmjs.org/@types/google-apps-script/-/google-apps-script-0.0.28.tgz",
      "integrity": "sha512-FVj9Xotj1Gyy4JRsxd6VvYq7aZ3NcdWnR2C9ZemLQ0OWdLzVcmxBXFJjWoSFqghWvjS+SvLfgerQXJ+rmAE9zw=="
    },
    "typescript": {
      "version": "3.1.6",
      "resolved": "https://registry.npmjs.org/typescript/-/typescript-3.1.6.tgz",
      "integrity": "sha512-tDMYfVtvpb96msS1lDX9MEdHrW4yOuZ4Kdc4Him9oU796XldPYF/t2+uKoX0BBa0hXXwDlqYQbXY5Rzjzc5hBA==",
      "dev": true
    }
  }
}
